
Microsoft Visual Studio Solution File, Format Version 12.00
# Visual Studio Version 16
VisualStudioVersion = 16.0.32106.194
MinimumVisualStudioVersion = 10.0.40219.1
Project("{FAE04EC0-301F-11D3-BF4B-00C04F79EFBC}") = "RecipeSite", "RecipeSite\RecipeSite.csproj", "{FBF27CE4-9047-44F1-87AA-8EA13CC89CEA}"
EndProject
Project("{FAE04EC0-301F-11D3-BF4B-00C04F79EFBC}") = "Utilities", "Utilities\Utilities.csproj", "{C45DF6E5-87B3-4341-A3AA-5A44392A42FE}"
EndProject
Project("{FAE04EC0-301F-11D3-BF4B-00C04F79EFBC}") = "RecipeSiteLibrary", "RecipeSiteLibrary\RecipeSiteLibrary.csproj", "{6228F843-610B-4385-82E9-50F46FC611D7}"
EndProject
Project("{9A19103F-16F7-4668-BE54-9A1E7A4F7556}") = "RecipeWepAPI", "RecipeWepAPI\RecipeWepAPI.csproj", "{93B934ED-046C-4A8F-8B56-F4D1B891DE48}"
EndProject
Project("{FAE04EC0-301F-11D3-BF4B-00C04F79EFBC}") = "RecipeWebService", "RecipeWebService\RecipeWebService.csproj", "{11C0425A-E65E-4E78-ABC8-8CDB5C7FEBA4}"
EndProject
Global
	GlobalSection(SolutionConfigurationPlatforms) = preSolution
		Debug|Any CPU = Debug|Any CPU
		Release|Any CPU = Release|Any CPU
	EndGlobalSection
	GlobalSection(ProjectConfigurationPlatforms) = postSolution
		{FBF27CE4-9047-44F1-87AA-8EA13CC89CEA}.Debug|Any CPU.ActiveCfg = Debug|Any CPU
		{FBF27CE4-9047-44F1-87AA-8EA13CC89CEA}.Debug|Any CPU.Build.0 = Debug|Any CPU
		{FBF27CE4-9047-44F1-87AA-8EA13CC89CEA}.Release|Any CPU.ActiveCfg = Release|Any CPU
		{FBF27CE4-9047-44F1-87AA-8EA13CC89CEA}.Release|Any CPU.Build.0 = Release|Any CPU
		{C45DF6E5-87B3-4341-A3AA-5A44392A42FE}.Debug|Any CPU.ActiveCfg = Debug|Any CPU
		{C45DF6E5-87B3-4341-A3AA-5A44392A42FE}.Debug|Any CPU.Build.0 = Debug|Any CPU
		{C45DF6E5-87B3-4341-A3AA-5A44392A42FE}.Release|Any CPU.ActiveCfg = Release|Any CPU
		{C45DF6E5-87B3-4341-A3AA-5A44392A42FE}.Release|Any CPU.Build.0 = Release|Any CPU
		{6228F843-610B-4385-82E9-50F46FC611D7}.Debug|Any CPU.ActiveCfg = Debug|Any CPU
		{6228F843-610B-4385-82E9-50F46FC611D7}.Debug|Any CPU.Build.0 = Debug|Any CPU
		{6228F843-610B-4385-82E9-50F46FC611D7}.Release|Any CPU.ActiveCfg = Release|Any CPU
		{6228F843-610B-4385-82E9-50F46FC611D7}.Release|Any CPU.Build.0 = Release|Any CPU
		{93B934ED-046C-4A8F-8B56-F4D1B891DE48}.Debug|Any CPU.ActiveCfg = Debug|Any CPU
		{93B934ED-046C-4A8F-8B56-F4D1B891DE48}.Debug|Any CPU.Build.0 = Debug|Any CPU
		{93B934ED-046C-4A8F-8B56-F4D1B891DE48}.Release|Any CPU.ActiveCfg = Release|Any CPU
		{93B934ED-046C-4A8F-8B56-F4D1B891DE48}.Release|Any CPU.Build.0 = Release|Any CPU
		{11C0425A-E65E-4E78-ABC8-8CDB5C7FEBA4}.Debug|Any CPU.ActiveCfg = Debug|Any CPU
		{11C0425A-E65E-4E78-ABC8-8CDB5C7FEBA4}.Debug|Any CPU.Build.0 = Debug|Any CPU
		{11C0425A-E65E-4E78-ABC8-8CDB5C7FEBA4}.Release|Any CPU.ActiveCfg = Release|Any CPU
		{11C0425A-E65E-4E78-ABC8-8CDB5C7FEBA4}.Release|Any CPU.Build.0 = Release|Any CPU
	EndGlobalSection
	GlobalSection(SolutionProperties) = preSolution
		HideSolutionNode = FALSE
	EndGlobalSection
	GlobalSection(ExtensibilityGlobals) = postSolution
		SolutionGuid = {4B200C00-5D0B-4F80-90C3-09AAAEB9EE34}
	EndGlobalSection
EndGlobal
